
Microsoft Visual Studio Solution File, Format Version 12.00
# Visual Studio 14
VisualStudioVersion = 14.0.23107.0
MinimumVisualStudioVersion = 10.0.40219.1
Project("{FAE04EC0-301F-11D3-BF4B-00C04F79EFBC}") = "Web4", "Web4\Web4.csproj", "{66027697-6EBB-46A4-B816-CB2DB5452A5B}"
EndProject
Project("{2150E333-8FDC-42A3-9474-1A3956D46DE8}") = "Solution Items", "Solution Items", "{52E6E2DA-20D5-4479-8EC5-F29F4245714F}"
	ProjectSection(SolutionItems) = preProject
		notes.txt = notes.txt
		todos.txt = todos.txt
	EndProjectSection
EndProject
Project("{FAE04EC0-301F-11D3-BF4B-00C04F79EFBC}") = "Web4Tests", "Web4Tests\Web4Tests.csproj", "{FB2EACDB-92FF-4CB4-A5EB-1DFD49E94350}"
EndProject
Global
	GlobalSection(SolutionConfigurationPlatforms) = preSolution
		Debug|Any CPU = Debug|Any CPU
		Release|Any CPU = Release|Any CPU
	EndGlobalSection
	GlobalSection(ProjectConfigurationPlatforms) = postSolution
		{66027697-6EBB-46A4-B816-CB2DB5452A5B}.Debug|Any CPU.ActiveCfg = Debug|Any CPU
		{66027697-6EBB-46A4-B816-CB2DB5452A5B}.Debug|Any CPU.Build.0 = Debug|Any CPU
		{66027697-6EBB-46A4-B816-CB2DB5452A5B}.Release|Any CPU.ActiveCfg = Release|Any CPU
		{66027697-6EBB-46A4-B816-CB2DB5452A5B}.Release|Any CPU.Build.0 = Release|Any CPU
		{FB2EACDB-92FF-4CB4-A5EB-1DFD49E94350}.Debug|Any CPU.ActiveCfg = Debug|Any CPU
		{FB2EACDB-92FF-4CB4-A5EB-1DFD49E94350}.Debug|Any CPU.Build.0 = Debug|Any CPU
		{FB2EACDB-92FF-4CB4-A5EB-1DFD49E94350}.Release|Any CPU.ActiveCfg = Release|Any CPU
		{FB2EACDB-92FF-4CB4-A5EB-1DFD49E94350}.Release|Any CPU.Build.0 = Release|Any CPU
	EndGlobalSection
	GlobalSection(SolutionProperties) = preSolution
		HideSolutionNode = FALSE
	EndGlobalSection
EndGlobal
